
Microsoft Visual Studio Solution File, Format Version 12.00
# Visual Studio Version 16
VisualStudioVersion = 16.0.29102.190
MinimumVisualStudioVersion = 10.0.40219.1
Project("{FAE04EC0-301F-11D3-BF4B-00C04F79EFBC}") = "Server", "Server\Server.csproj", "{77FABDBC-4C9C-458B-AD7F-1465715315FF}"
EndProject
Project("{FAE04EC0-301F-11D3-BF4B-00C04F79EFBC}") = "Client", "Client\Client.csproj", "{9156CADD-DC7D-4354-ADE2-A641EDC5C554}"
EndProject
Project("{FAE04EC0-301F-11D3-BF4B-00C04F79EFBC}") = "Common", "Common\Common.csproj", "{04487C2C-ED74-4E3C-891B-2CEDCD7E276F}"
EndProject
Global
	GlobalSection(SolutionConfigurationPlatforms) = preSolution
		Debug|Any CPU = Debug|Any CPU
		Release|Any CPU = Release|Any CPU
	EndGlobalSection
	GlobalSection(ProjectConfigurationPlatforms) = postSolution
		{77FABDBC-4C9C-458B-AD7F-1465715315FF}.Debug|Any CPU.ActiveCfg = Debug|Any CPU
		{77FABDBC-4C9C-458B-AD7F-1465715315FF}.Debug|Any CPU.Build.0 = Debug|Any CPU
		{77FABDBC-4C9C-458B-AD7F-1465715315FF}.Release|Any CPU.ActiveCfg = Release|Any CPU
		{77FABDBC-4C9C-458B-AD7F-1465715315FF}.Release|Any CPU.Build.0 = Release|Any CPU
		{9156CADD-DC7D-4354-ADE2-A641EDC5C554}.Debug|Any CPU.ActiveCfg = Debug|Any CPU
		{9156CADD-DC7D-4354-ADE2-A641EDC5C554}.Debug|Any CPU.Build.0 = Debug|Any CPU
		{9156CADD-DC7D-4354-ADE2-A641EDC5C554}.Release|Any CPU.ActiveCfg = Release|Any CPU
		{9156CADD-DC7D-4354-ADE2-A641EDC5C554}.Release|Any CPU.Build.0 = Release|Any CPU
		{04487C2C-ED74-4E3C-891B-2CEDCD7E276F}.Debug|Any CPU.ActiveCfg = Debug|Any CPU
		{04487C2C-ED74-4E3C-891B-2CEDCD7E276F}.Debug|Any CPU.Build.0 = Debug|Any CPU
		{04487C2C-ED74-4E3C-891B-2CEDCD7E276F}.Release|Any CPU.ActiveCfg = Release|Any CPU
		{04487C2C-ED74-4E3C-891B-2CEDCD7E276F}.Release|Any CPU.Build.0 = Release|Any CPU
	EndGlobalSection
	GlobalSection(SolutionProperties) = preSolution
		HideSolutionNode = FALSE
	EndGlobalSection
	GlobalSection(ExtensibilityGlobals) = postSolution
		SolutionGuid = {451F19FC-7CF6-4042-86B9-5D673E6E24AA}
	EndGlobalSection
EndGlobal
